
Microsoft Visual Studio Solution File, Format Version 12.00
# Visual Studio Version 17
VisualStudioVersion = 17.14.36414.22 d17.14
MinimumVisualStudioVersion = 10.0.40219.1
Project("{FAE04EC0-301F-11D3-BF4B-00C04F79EFBC}") = "pjtVendedores", "pjtVendedores\pjtVendedores.csproj", "{6EE79EF8-A021-4764-A6D0-FFF3FC7D36E5}"
EndProject
Global
	GlobalSection(SolutionConfigurationPlatforms) = preSolution
		Debug|Any CPU = Debug|Any CPU
		Release|Any CPU = Release|Any CPU
	EndGlobalSection
	GlobalSection(ProjectConfigurationPlatforms) = postSolution
		{6EE79EF8-A021-4764-A6D0-FFF3FC7D36E5}.Debug|Any CPU.ActiveCfg = Debug|Any CPU
		{6EE79EF8-A021-4764-A6D0-FFF3FC7D36E5}.Debug|Any CPU.Build.0 = Debug|Any CPU
		{6EE79EF8-A021-4764-A6D0-FFF3FC7D36E5}.Release|Any CPU.ActiveCfg = Release|Any CPU
		{6EE79EF8-A021-4764-A6D0-FFF3FC7D36E5}.Release|Any CPU.Build.0 = Release|Any CPU
	EndGlobalSection
	GlobalSection(SolutionProperties) = preSolution
		HideSolutionNode = FALSE
	EndGlobalSection
	GlobalSection(ExtensibilityGlobals) = postSolution
		SolutionGuid = {57720E9A-F8A7-4DC7-A37A-32DDC6A8258D}
	EndGlobalSection
EndGlobal
